
Microsoft Visual Studio Solution File, Format Version 12.00
# Visual Studio Version 16
VisualStudioVersion = 16.0.31729.503
MinimumVisualStudioVersion = 10.0.40219.1
Project("{FAE04EC0-301F-11D3-BF4B-00C04F79EFBC}") = "ironhelmrepo", "ironhelmrepo\ironhelmrepo.csproj", "{975694CA-A913-4594-BE74-58562964AB1D}"
EndProject
Project("{FAE04EC0-301F-11D3-BF4B-00C04F79EFBC}") = "IronHelmOrderMgtTest", "IronHelmOrderMgtTest\IronHelmOrderMgtTest.csproj", "{80B7D96B-0FE8-4BC0-B314-F196C03C1677}"
EndProject
Global
	GlobalSection(SolutionConfigurationPlatforms) = preSolution
		Debug|Any CPU = Debug|Any CPU
		Release|Any CPU = Release|Any CPU
	EndGlobalSection
	GlobalSection(ProjectConfigurationPlatforms) = postSolution
		{975694CA-A913-4594-BE74-58562964AB1D}.Debug|Any CPU.ActiveCfg = Debug|Any CPU
		{975694CA-A913-4594-BE74-58562964AB1D}.Debug|Any CPU.Build.0 = Debug|Any CPU
		{975694CA-A913-4594-BE74-58562964AB1D}.Release|Any CPU.ActiveCfg = Release|Any CPU
		{975694CA-A913-4594-BE74-58562964AB1D}.Release|Any CPU.Build.0 = Release|Any CPU
		{80B7D96B-0FE8-4BC0-B314-F196C03C1677}.Debug|Any CPU.ActiveCfg = Debug|Any CPU
		{80B7D96B-0FE8-4BC0-B314-F196C03C1677}.Debug|Any CPU.Build.0 = Debug|Any CPU
		{80B7D96B-0FE8-4BC0-B314-F196C03C1677}.Release|Any CPU.ActiveCfg = Release|Any CPU
		{80B7D96B-0FE8-4BC0-B314-F196C03C1677}.Release|Any CPU.Build.0 = Release|Any CPU
	EndGlobalSection
	GlobalSection(SolutionProperties) = preSolution
		HideSolutionNode = FALSE
	EndGlobalSection
	GlobalSection(ExtensibilityGlobals) = postSolution
		SolutionGuid = {6EDF1056-5026-46C4-8EE9-65BF2612AAA0}
	EndGlobalSection
EndGlobal
